
Microsoft Visual Studio Solution File, Format Version 12.00
# Visual Studio Version 17
VisualStudioVersion = 17.4.33213.308
MinimumVisualStudioVersion = 10.0.40219.1
Project("{FAE04EC0-301F-11D3-BF4B-00C04F79EFBC}") = "Lab3_dialogowe", "Lab3_dialogowe\Lab3_dialogowe.csproj", "{C06F9570-A2EB-4391-8AA0-9DA851A0F565}"
EndProject
Global
	GlobalSection(SolutionConfigurationPlatforms) = preSolution
		Debug|Any CPU = Debug|Any CPU
		Release|Any CPU = Release|Any CPU
	EndGlobalSection
	GlobalSection(ProjectConfigurationPlatforms) = postSolution
		{C06F9570-A2EB-4391-8AA0-9DA851A0F565}.Debug|Any CPU.ActiveCfg = Debug|Any CPU
		{C06F9570-A2EB-4391-8AA0-9DA851A0F565}.Debug|Any CPU.Build.0 = Debug|Any CPU
		{C06F9570-A2EB-4391-8AA0-9DA851A0F565}.Release|Any CPU.ActiveCfg = Release|Any CPU
		{C06F9570-A2EB-4391-8AA0-9DA851A0F565}.Release|Any CPU.Build.0 = Release|Any CPU
	EndGlobalSection
	GlobalSection(SolutionProperties) = preSolution
		HideSolutionNode = FALSE
	EndGlobalSection
	GlobalSection(ExtensibilityGlobals) = postSolution
		SolutionGuid = {5AC55E57-719B-45C7-98C2-F98084B2E45C}
	EndGlobalSection
EndGlobal
